{
  "version": "3",
  "packages": {
    "specifiers": {
      "jsr:@std/assert": "jsr:@std/assert@0.219.1",
      "jsr:@std/assert@^0.219.1": "jsr:@std/assert@0.219.1",
      "jsr:@std/cli": "jsr:@std/cli@1.0.6",
      "jsr:@std/crypto": "jsr:@std/crypto@0.219.1",
      "jsr:@std/encoding@^0.219.1": "jsr:@std/encoding@0.219.1",
      "jsr:@std/flags": "jsr:@std/flags@0.224.0",
      "jsr:@std/fmt@^0.219.1": "jsr:@std/fmt@0.219.1",
      "npm:@biomejs/biome@^1.9.3": "npm:@biomejs/biome@1.9.3",
      "npm:@types/node": "npm:@types/node@18.16.19",
      "npm:@types/node@^22.7.4": "npm:@types/node@22.7.4",
      "npm:reflect-metadata": "npm:reflect-metadata@0.2.2",
      "npm:reflect-metadata@^0.2.2": "npm:reflect-metadata@0.2.2",
      "npm:tsx@4.19.1": "npm:tsx@4.19.1",
      "npm:tsx@^4.19.1": "npm:tsx@4.19.1",
      "npm:tsyringe": "npm:tsyringe@4.8.0",
      "npm:tsyringe@^4.8.0": "npm:tsyringe@4.8.0"
    },
    "jsr": {
      "@std/assert@0.219.1": {
        "integrity": "e76c2a1799a78f0f4db7de04bdc9b908a7a4b821bb65eda0285885297d4fb8af",
        "dependencies": [
          "jsr:@std/fmt@^0.219.1"
        ]
      },
      "@std/cli@1.0.6": {
        "integrity": "d22d8b38c66c666d7ad1f2a66c5b122da1704f985d3c47f01129f05abb6c5d3d"
      },
      "@std/crypto@0.219.1": {
        "integrity": "082b27c476c61e909f66b5d94cb1b7e1802205f6fa587f241594650054d0927f",
        "dependencies": [
          "jsr:@std/assert@^0.219.1",
          "jsr:@std/encoding@^0.219.1"
        ]
      },
      "@std/encoding@0.219.1": {
        "integrity": "77b30e481a596cfb2a8f2f38c3165e6035a4f76a7259bf89b6a622ceaf57d575"
      },
      "@std/flags@0.224.0": {
        "integrity": "d40eaf58c356b2e1313c6d4e62dc28b614aad2ddae6f5ff72a969e0b1f5ad689"
      },
      "@std/fmt@0.219.1": {
        "integrity": "2432152e927df249a207177aa048a6d9465956ea0047653ee6abd4f514db504f"
      }
    },
    "npm": {
      "@biomejs/biome@1.9.3": {
        "integrity": "sha512-POjAPz0APAmX33WOQFGQrwLvlu7WLV4CFJMlB12b6ZSg+2q6fYu9kZwLCOA+x83zXfcPd1RpuWOKJW0GbBwLIQ==",
        "dependencies": {
          "@biomejs/cli-darwin-arm64": "@biomejs/cli-darwin-arm64@1.9.3",
          "@biomejs/cli-darwin-x64": "@biomejs/cli-darwin-x64@1.9.3",
          "@biomejs/cli-linux-arm64": "@biomejs/cli-linux-arm64@1.9.3",
          "@biomejs/cli-linux-arm64-musl": "@biomejs/cli-linux-arm64-musl@1.9.3",
          "@biomejs/cli-linux-x64": "@biomejs/cli-linux-x64@1.9.3",
          "@biomejs/cli-linux-x64-musl": "@biomejs/cli-linux-x64-musl@1.9.3",
          "@biomejs/cli-win32-arm64": "@biomejs/cli-win32-arm64@1.9.3",
          "@biomejs/cli-win32-x64": "@biomejs/cli-win32-x64@1.9.3"
        }
      },
      "@biomejs/cli-darwin-arm64@1.9.3": {
        "integrity": "sha512-QZzD2XrjJDUyIZK+aR2i5DDxCJfdwiYbUKu9GzkCUJpL78uSelAHAPy7m0GuPMVtF/Uo+OKv97W3P9nuWZangQ==",
        "dependencies": {}
      },
      "@biomejs/cli-darwin-x64@1.9.3": {
        "integrity": "sha512-vSCoIBJE0BN3SWDFuAY/tRavpUtNoqiceJ5PrU3xDfsLcm/U6N93JSM0M9OAiC/X7mPPfejtr6Yc9vSgWlEgVw==",
        "dependencies": {}
      },
      "@biomejs/cli-linux-arm64-musl@1.9.3": {
        "integrity": "sha512-VBzyhaqqqwP3bAkkBrhVq50i3Uj9+RWuj+pYmXrMDgjS5+SKYGE56BwNw4l8hR3SmYbLSbEo15GcV043CDSk+Q==",
        "dependencies": {}
      },
      "@biomejs/cli-linux-arm64@1.9.3": {
        "integrity": "sha512-vJkAimD2+sVviNTbaWOGqEBy31cW0ZB52KtpVIbkuma7PlfII3tsLhFa+cwbRAcRBkobBBhqZ06hXoZAN8NODQ==",
        "dependencies": {}
      },
      "@biomejs/cli-linux-x64-musl@1.9.3": {
        "integrity": "sha512-TJmnOG2+NOGM72mlczEsNki9UT+XAsMFAOo8J0me/N47EJ/vkLXxf481evfHLlxMejTY6IN8SdRSiPVLv6AHlA==",
        "dependencies": {}
      },
      "@biomejs/cli-linux-x64@1.9.3": {
        "integrity": "sha512-x220V4c+romd26Mu1ptU+EudMXVS4xmzKxPVb9mgnfYlN4Yx9vD5NZraSx/onJnd3Gh/y8iPUdU5CDZJKg9COA==",
        "dependencies": {}
      },
      "@biomejs/cli-win32-arm64@1.9.3": {
        "integrity": "sha512-lg/yZis2HdQGsycUvHWSzo9kOvnGgvtrYRgoCEwPBwwAL8/6crOp3+f47tPwI/LI1dZrhSji7PNsGKGHbwyAhw==",
        "dependencies": {}
      },
      "@biomejs/cli-win32-x64@1.9.3": {
        "integrity": "sha512-cQMy2zanBkVLpmmxXdK6YePzmZx0s5Z7KEnwmrW54rcXK3myCNbQa09SwGZ8i/8sLw0H9F3X7K4rxVNGU8/D4Q==",
        "dependencies": {}
      },
      "@esbuild/aix-ppc64@0.23.1": {
        "integrity": "sha512-6VhYk1diRqrhBAqpJEdjASR/+WVRtfjpqKuNw11cLiaWpAT/Uu+nokB+UJnevzy/P9C/ty6AOe0dwueMrGh/iQ==",
        "dependencies": {}
      },
      "@esbuild/android-arm64@0.23.1": {
        "integrity": "sha512-xw50ipykXcLstLeWH7WRdQuysJqejuAGPd30vd1i5zSyKK3WE+ijzHmLKxdiCMtH1pHz78rOg0BKSYOSB/2Khw==",
        "dependencies": {}
      },
      "@esbuild/android-arm@0.23.1": {
        "integrity": "sha512-uz6/tEy2IFm9RYOyvKl88zdzZfwEfKZmnX9Cj1BHjeSGNuGLuMD1kR8y5bteYmwqKm1tj8m4cb/aKEorr6fHWQ==",
        "dependencies": {}
      },
      "@esbuild/android-x64@0.23.1": {
        "integrity": "sha512-nlN9B69St9BwUoB+jkyU090bru8L0NA3yFvAd7k8dNsVH8bi9a8cUAUSEcEEgTp2z3dbEDGJGfP6VUnkQnlReg==",
        "dependencies": {}
      },
      "@esbuild/darwin-arm64@0.23.1": {
        "integrity": "sha512-YsS2e3Wtgnw7Wq53XXBLcV6JhRsEq8hkfg91ESVadIrzr9wO6jJDMZnCQbHm1Guc5t/CdDiFSSfWP58FNuvT3Q==",
        "dependencies": {}
      },
      "@esbuild/darwin-x64@0.23.1": {
        "integrity": "sha512-aClqdgTDVPSEGgoCS8QDG37Gu8yc9lTHNAQlsztQ6ENetKEO//b8y31MMu2ZaPbn4kVsIABzVLXYLhCGekGDqw==",
        "dependencies": {}
      },
      "@esbuild/freebsd-arm64@0.23.1": {
        "integrity": "sha512-h1k6yS8/pN/NHlMl5+v4XPfikhJulk4G+tKGFIOwURBSFzE8bixw1ebjluLOjfwtLqY0kewfjLSrO6tN2MgIhA==",
        "dependencies": {}
      },
      "@esbuild/freebsd-x64@0.23.1": {
        "integrity": "sha512-lK1eJeyk1ZX8UklqFd/3A60UuZ/6UVfGT2LuGo3Wp4/z7eRTRYY+0xOu2kpClP+vMTi9wKOfXi2vjUpO1Ro76g==",
        "dependencies": {}
      },
      "@esbuild/linux-arm64@0.23.1": {
        "integrity": "sha512-/93bf2yxencYDnItMYV/v116zff6UyTjo4EtEQjUBeGiVpMmffDNUyD9UN2zV+V3LRV3/on4xdZ26NKzn6754g==",
        "dependencies": {}
      },
      "@esbuild/linux-arm@0.23.1": {
        "integrity": "sha512-CXXkzgn+dXAPs3WBwE+Kvnrf4WECwBdfjfeYHpMeVxWE0EceB6vhWGShs6wi0IYEqMSIzdOF1XjQ/Mkm5d7ZdQ==",
        "dependencies": {}
      },
      "@esbuild/linux-ia32@0.23.1": {
        "integrity": "sha512-VTN4EuOHwXEkXzX5nTvVY4s7E/Krz7COC8xkftbbKRYAl96vPiUssGkeMELQMOnLOJ8k3BY1+ZY52tttZnHcXQ==",
        "dependencies": {}
      },
      "@esbuild/linux-loong64@0.23.1": {
        "integrity": "sha512-Vx09LzEoBa5zDnieH8LSMRToj7ir/Jeq0Gu6qJ/1GcBq9GkfoEAoXvLiW1U9J1qE/Y/Oyaq33w5p2ZWrNNHNEw==",
        "dependencies": {}
      },
      "@esbuild/linux-mips64el@0.23.1": {
        "integrity": "sha512-nrFzzMQ7W4WRLNUOU5dlWAqa6yVeI0P78WKGUo7lg2HShq/yx+UYkeNSE0SSfSure0SqgnsxPvmAUu/vu0E+3Q==",
        "dependencies": {}
      },
      "@esbuild/linux-ppc64@0.23.1": {
        "integrity": "sha512-dKN8fgVqd0vUIjxuJI6P/9SSSe/mB9rvA98CSH2sJnlZ/OCZWO1DJvxj8jvKTfYUdGfcq2dDxoKaC6bHuTlgcw==",
        "dependencies": {}
      },
      "@esbuild/linux-riscv64@0.23.1": {
        "integrity": "sha512-5AV4Pzp80fhHL83JM6LoA6pTQVWgB1HovMBsLQ9OZWLDqVY8MVobBXNSmAJi//Csh6tcY7e7Lny2Hg1tElMjIA==",
        "dependencies": {}
      },
      "@esbuild/linux-s390x@0.23.1": {
        "integrity": "sha512-9ygs73tuFCe6f6m/Tb+9LtYxWR4c9yg7zjt2cYkjDbDpV/xVn+68cQxMXCjUpYwEkze2RcU/rMnfIXNRFmSoDw==",
        "dependencies": {}
      },
      "@esbuild/linux-x64@0.23.1": {
        "integrity": "sha512-EV6+ovTsEXCPAp58g2dD68LxoP/wK5pRvgy0J/HxPGB009omFPv3Yet0HiaqvrIrgPTBuC6wCH1LTOY91EO5hQ==",
        "dependencies": {}
      },
      "@esbuild/netbsd-x64@0.23.1": {
        "integrity": "sha512-aevEkCNu7KlPRpYLjwmdcuNz6bDFiE7Z8XC4CPqExjTvrHugh28QzUXVOZtiYghciKUacNktqxdpymplil1beA==",
        "dependencies": {}
      },
      "@esbuild/openbsd-arm64@0.23.1": {
        "integrity": "sha512-3x37szhLexNA4bXhLrCC/LImN/YtWis6WXr1VESlfVtVeoFJBRINPJ3f0a/6LV8zpikqoUg4hyXw0sFBt5Cr+Q==",
        "dependencies": {}
      },
      "@esbuild/openbsd-x64@0.23.1": {
        "integrity": "sha512-aY2gMmKmPhxfU+0EdnN+XNtGbjfQgwZj43k8G3fyrDM/UdZww6xrWxmDkuz2eCZchqVeABjV5BpildOrUbBTqA==",
        "dependencies": {}
      },
      "@esbuild/sunos-x64@0.23.1": {
        "integrity": "sha512-RBRT2gqEl0IKQABT4XTj78tpk9v7ehp+mazn2HbUeZl1YMdaGAQqhapjGTCe7uw7y0frDi4gS0uHzhvpFuI1sA==",
        "dependencies": {}
      },
      "@esbuild/win32-arm64@0.23.1": {
        "integrity": "sha512-4O+gPR5rEBe2FpKOVyiJ7wNDPA8nGzDuJ6gN4okSA1gEOYZ67N8JPk58tkWtdtPeLz7lBnY6I5L3jdsr3S+A6A==",
        "dependencies": {}
      },
      "@esbuild/win32-ia32@0.23.1": {
        "integrity": "sha512-BcaL0Vn6QwCwre3Y717nVHZbAa4UBEigzFm6VdsVdT/MbZ38xoj1X9HPkZhbmaBGUD1W8vxAfffbDe8bA6AKnQ==",
        "dependencies": {}
      },
      "@esbuild/win32-x64@0.23.1": {
        "integrity": "sha512-BHpFFeslkWrXWyUPnbKm+xYYVYruCinGcftSBaa8zoF9hZO4BcSCFUvHVTtzpIY6YzUnYtuEhZ+C9iEXjxnasg==",
        "dependencies": {}
      },
      "@types/node@18.16.19": {
        "integrity": "sha512-IXl7o+R9iti9eBW4Wg2hx1xQDig183jj7YLn8F7udNceyfkbn1ZxmzZXuak20gR40D7pIkIY1kYGx5VIGbaHKA==",
        "dependencies": {}
      },
      "@types/node@22.7.4": {
        "integrity": "sha512-y+NPi1rFzDs1NdQHHToqeiX2TIS79SWEAw9GYhkkx8bD0ChpfqC+n2j5OXOCpzfojBEBt6DnEnnG9MY0zk1XLg==",
        "dependencies": {
          "undici-types": "undici-types@6.19.8"
        }
      },
      "esbuild@0.23.1": {
        "integrity": "sha512-VVNz/9Sa0bs5SELtn3f7qhJCDPCF5oMEl5cO9/SSinpE9hbPVvxbd572HH5AKiP7WD8INO53GgfDDhRjkylHEg==",
        "dependencies": {
          "@esbuild/aix-ppc64": "@esbuild/aix-ppc64@0.23.1",
          "@esbuild/android-arm": "@esbuild/android-arm@0.23.1",
          "@esbuild/android-arm64": "@esbuild/android-arm64@0.23.1",
          "@esbuild/android-x64": "@esbuild/android-x64@0.23.1",
          "@esbuild/darwin-arm64": "@esbuild/darwin-arm64@0.23.1",
          "@esbuild/darwin-x64": "@esbuild/darwin-x64@0.23.1",
          "@esbuild/freebsd-arm64": "@esbuild/freebsd-arm64@0.23.1",
          "@esbuild/freebsd-x64": "@esbuild/freebsd-x64@0.23.1",
          "@esbuild/linux-arm": "@esbuild/linux-arm@0.23.1",
          "@esbuild/linux-arm64": "@esbuild/linux-arm64@0.23.1",
          "@esbuild/linux-ia32": "@esbuild/linux-ia32@0.23.1",
          "@esbuild/linux-loong64": "@esbuild/linux-loong64@0.23.1",
          "@esbuild/linux-mips64el": "@esbuild/linux-mips64el@0.23.1",
          "@esbuild/linux-ppc64": "@esbuild/linux-ppc64@0.23.1",
          "@esbuild/linux-riscv64": "@esbuild/linux-riscv64@0.23.1",
          "@esbuild/linux-s390x": "@esbuild/linux-s390x@0.23.1",
          "@esbuild/linux-x64": "@esbuild/linux-x64@0.23.1",
          "@esbuild/netbsd-x64": "@esbuild/netbsd-x64@0.23.1",
          "@esbuild/openbsd-arm64": "@esbuild/openbsd-arm64@0.23.1",
          "@esbuild/openbsd-x64": "@esbuild/openbsd-x64@0.23.1",
          "@esbuild/sunos-x64": "@esbuild/sunos-x64@0.23.1",
          "@esbuild/win32-arm64": "@esbuild/win32-arm64@0.23.1",
          "@esbuild/win32-ia32": "@esbuild/win32-ia32@0.23.1",
          "@esbuild/win32-x64": "@esbuild/win32-x64@0.23.1"
        }
      },
      "fsevents@2.3.3": {
        "integrity": "sha512-5xoDfX+fL7faATnagmWPpbFtwh/R77WmMMqqHGS65C3vvB0YHrgF+B1YmZ3441tMj5n63k0212XNoJwzlhffQw==",
        "dependencies": {}
      },
      "get-tsconfig@4.8.1": {
        "integrity": "sha512-k9PN+cFBmaLWtVz29SkUoqU5O0slLuHJXt/2P+tMVFT+phsSGXGkp9t3rQIqdz0e+06EHNGs3oM6ZX1s2zHxRg==",
        "dependencies": {
          "resolve-pkg-maps": "resolve-pkg-maps@1.0.0"
        }
      },
      "reflect-metadata@0.2.2": {
        "integrity": "sha512-urBwgfrvVP/eAyXx4hluJivBKzuEbSQs9rKWCrCkbSxNv8mxPcUZKeuoF3Uy4mJl3Lwprp6yy5/39VWigZ4K6Q==",
        "dependencies": {}
      },
      "resolve-pkg-maps@1.0.0": {
        "integrity": "sha512-seS2Tj26TBVOC2NIc2rOe2y2ZO7efxITtLZcGSOnHHNOQ7CkiUBfw0Iw2ck6xkIhPwLhKNLS8BO+hEpngQlqzw==",
        "dependencies": {}
      },
      "tslib@1.14.1": {
        "integrity": "sha512-Xni35NKzjgMrwevysHTCArtLDpPvye8zV/0E4EyYn43P7/7qvQwPh9BGkHewbMulVntbigmcT7rdX3BNo9wRJg==",
        "dependencies": {}
      },
      "tsx@4.19.1": {
        "integrity": "sha512-0flMz1lh74BR4wOvBjuh9olbnwqCPc35OOlfyzHba0Dc+QNUeWX/Gq2YTbnwcWPO3BMd8fkzRVrHcsR+a7z7rA==",
        "dependencies": {
          "esbuild": "esbuild@0.23.1",
          "fsevents": "fsevents@2.3.3",
          "get-tsconfig": "get-tsconfig@4.8.1"
        }
      },
      "tsyringe@4.8.0": {
        "integrity": "sha512-YB1FG+axdxADa3ncEtRnQCFq/M0lALGLxSZeVNbTU8NqhOVc51nnv2CISTcvc1kyv6EGPtXVr0v6lWeDxiijOA==",
        "dependencies": {
          "tslib": "tslib@1.14.1"
        }
      },
      "undici-types@6.19.8": {
        "integrity": "sha512-ve2KP6f/JnbPBFyobGHuerC9g1FYGn/F8n1LWTwNxCEzd6IfqTwUQcNXgEtmmQ6DlRrC1hrSrBnCZPokRrDHjw==",
        "dependencies": {}
      }
    }
  },
  "redirects": {
    "https://deno.land/std/flags/mod.ts": "https://deno.land/std@0.224.0/flags/mod.ts",
    "https://deno.land/std/testing/asserts.ts": "https://deno.land/std@0.224.0/testing/asserts.ts"
  },
  "remote": {
    "https://deno.land/std@0.188.0/_util/asserts.ts": "178dfc49a464aee693a7e285567b3d0b555dc805ff490505a8aae34f9cfb1462",
    "https://deno.land/std@0.188.0/flags/mod.ts": "17f444ddbee43c5487568de0c6a076c7729cfe90d96d2ffcd2b8f8adadafb6e8",
    "https://deno.land/std@0.224.0/assert/_constants.ts": "a271e8ef5a573f1df8e822a6eb9d09df064ad66a4390f21b3e31f820a38e0975",
    "https://deno.land/std@0.224.0/assert/assert.ts": "09d30564c09de846855b7b071e62b5974b001bb72a4b797958fe0660e7849834",
    "https://deno.land/std@0.224.0/assert/assert_almost_equals.ts": "9e416114322012c9a21fa68e187637ce2d7df25bcbdbfd957cd639e65d3cf293",
    "https://deno.land/std@0.224.0/assert/assert_array_includes.ts": "14c5094471bc8e4a7895fc6aa5a184300d8a1879606574cb1cd715ef36a4a3c7",
    "https://deno.land/std@0.224.0/assert/assert_equals.ts": "3bbca947d85b9d374a108687b1a8ba3785a7850436b5a8930d81f34a32cb8c74",
    "https://deno.land/std@0.224.0/assert/assert_exists.ts": "43420cf7f956748ae6ed1230646567b3593cb7a36c5a5327269279c870c5ddfd",
    "https://deno.land/std@0.224.0/assert/assert_false.ts": "3e9be8e33275db00d952e9acb0cd29481a44fa0a4af6d37239ff58d79e8edeff",
    "https://deno.land/std@0.224.0/assert/assert_greater.ts": "5e57b201fd51b64ced36c828e3dfd773412c1a6120c1a5a99066c9b261974e46",
    "https://deno.land/std@0.224.0/assert/assert_greater_or_equal.ts": "9870030f997a08361b6f63400273c2fb1856f5db86c0c3852aab2a002e425c5b",
    "https://deno.land/std@0.224.0/assert/assert_instance_of.ts": "e22343c1fdcacfaea8f37784ad782683ec1cf599ae9b1b618954e9c22f376f2c",
    "https://deno.land/std@0.224.0/assert/assert_is_error.ts": "f856b3bc978a7aa6a601f3fec6603491ab6255118afa6baa84b04426dd3cc491",
    "https://deno.land/std@0.224.0/assert/assert_less.ts": "60b61e13a1982865a72726a5fa86c24fad7eb27c3c08b13883fb68882b307f68",
    "https://deno.land/std@0.224.0/assert/assert_less_or_equal.ts": "d2c84e17faba4afe085e6c9123a63395accf4f9e00150db899c46e67420e0ec3",
    "https://deno.land/std@0.224.0/assert/assert_match.ts": "ace1710dd3b2811c391946954234b5da910c5665aed817943d086d4d4871a8b7",
    "https://deno.land/std@0.224.0/assert/assert_not_equals.ts": "78d45dd46133d76ce624b2c6c09392f6110f0df9b73f911d20208a68dee2ef29",
    "https://deno.land/std@0.224.0/assert/assert_not_instance_of.ts": "3434a669b4d20cdcc5359779301a0588f941ffdc2ad68803c31eabdb4890cf7a",
    "https://deno.land/std@0.224.0/assert/assert_not_match.ts": "df30417240aa2d35b1ea44df7e541991348a063d9ee823430e0b58079a72242a",
    "https://deno.land/std@0.224.0/assert/assert_not_strict_equals.ts": "37f73880bd672709373d6dc2c5f148691119bed161f3020fff3548a0496f71b8",
    "https://deno.land/std@0.224.0/assert/assert_object_match.ts": "411450fd194fdaabc0089ae68f916b545a49d7b7e6d0026e84a54c9e7eed2693",
    "https://deno.land/std@0.224.0/assert/assert_rejects.ts": "4bee1d6d565a5b623146a14668da8f9eb1f026a4f338bbf92b37e43e0aa53c31",
    "https://deno.land/std@0.224.0/assert/assert_strict_equals.ts": "b4f45f0fd2e54d9029171876bd0b42dd9ed0efd8f853ab92a3f50127acfa54f5",
    "https://deno.land/std@0.224.0/assert/assert_string_includes.ts": "496b9ecad84deab72c8718735373feb6cdaa071eb91a98206f6f3cb4285e71b8",
    "https://deno.land/std@0.224.0/assert/assert_throws.ts": "c6508b2879d465898dab2798009299867e67c570d7d34c90a2d235e4553906eb",
    "https://deno.land/std@0.224.0/assert/assertion_error.ts": "ba8752bd27ebc51f723702fac2f54d3e94447598f54264a6653d6413738a8917",
    "https://deno.land/std@0.224.0/assert/equal.ts": "bddf07bb5fc718e10bb72d5dc2c36c1ce5a8bdd3b647069b6319e07af181ac47",
    "https://deno.land/std@0.224.0/assert/fail.ts": "0eba674ffb47dff083f02ced76d5130460bff1a9a68c6514ebe0cdea4abadb68",
    "https://deno.land/std@0.224.0/assert/mod.ts": "48b8cb8a619ea0b7958ad7ee9376500fe902284bb36f0e32c598c3dc34cbd6f3",
    "https://deno.land/std@0.224.0/assert/unimplemented.ts": "8c55a5793e9147b4f1ef68cd66496b7d5ba7a9e7ca30c6da070c1a58da723d73",
    "https://deno.land/std@0.224.0/assert/unreachable.ts": "5ae3dbf63ef988615b93eb08d395dda771c96546565f9e521ed86f6510c29e19",
    "https://deno.land/std@0.224.0/flags/mod.ts": "88553267f34519c8982212185339efdb2d2e62c159ec558f47eb50c8952a6be3",
    "https://deno.land/std@0.224.0/fmt/colors.ts": "508563c0659dd7198ba4bbf87e97f654af3c34eb56ba790260f252ad8012e1c5",
    "https://deno.land/std@0.224.0/internal/diff.ts": "6234a4b493ebe65dc67a18a0eb97ef683626a1166a1906232ce186ae9f65f4e6",
    "https://deno.land/std@0.224.0/internal/format.ts": "0a98ee226fd3d43450245b1844b47003419d34d210fa989900861c79820d21c2",
    "https://deno.land/std@0.224.0/internal/mod.ts": "534125398c8e7426183e12dc255bb635d94e06d0f93c60a297723abe69d3b22e",
    "https://deno.land/std@0.224.0/testing/asserts.ts": "d0cdbabadc49cc4247a50732ee0df1403fdcd0f95360294ad448ae8c240f3f5c"
  },
  "workspace": {
    "dependencies": [
      "npm:reflect-metadata",
      "npm:tsyringe"
    ],
    "packageJson": {
      "dependencies": [
        "npm:@biomejs/biome@^1.9.3",
        "npm:@types/node@^22.7.4",
        "npm:reflect-metadata@^0.2.2",
        "npm:tsx@^4.19.1",
        "npm:tsyringe@^4.8.0"
      ]
    }
  }
}
